
Microsoft Visual Studio Solution File, Format Version 12.00
# Visual Studio Version 17
VisualStudioVersion = 17.3.32929.385
MinimumVisualStudioVersion = 10.0.40219.1
Project("{8BC9CEB8-8B4A-11D0-8D11-00A0C91BC942}") = "snakeGame", "snakeGame\snakeGame.vcxproj", "{A4CD5CE0-2998-4137-A756-49BE065CE30C}"
EndProject
Global
	GlobalSection(SolutionConfigurationPlatforms) = preSolution
		Debug|x64 = Debug|x64
		Debug|x86 = Debug|x86
		Release|x64 = Release|x64
		Release|x86 = Release|x86
	EndGlobalSection
	GlobalSection(ProjectConfigurationPlatforms) = postSolution
		{A4CD5CE0-2998-4137-A756-49BE065CE30C}.Debug|x64.ActiveCfg = Debug|x64
		{A4CD5CE0-2998-4137-A756-49BE065CE30C}.Debug|x64.Build.0 = Debug|x64
		{A4CD5CE0-2998-4137-A756-49BE065CE30C}.Debug|x86.ActiveCfg = Debug|Win32
		{A4CD5CE0-2998-4137-A756-49BE065CE30C}.Debug|x86.Build.0 = Debug|Win32
		{A4CD5CE0-2998-4137-A756-49BE065CE30C}.Release|x64.ActiveCfg = Release|x64
		{A4CD5CE0-2998-4137-A756-49BE065CE30C}.Release|x64.Build.0 = Release|x64
		{A4CD5CE0-2998-4137-A756-49BE065CE30C}.Release|x86.ActiveCfg = Release|Win32
		{A4CD5CE0-2998-4137-A756-49BE065CE30C}.Release|x86.Build.0 = Release|Win32
	EndGlobalSection
	GlobalSection(SolutionProperties) = preSolution
		HideSolutionNode = FALSE
	EndGlobalSection
	GlobalSection(ExtensibilityGlobals) = postSolution
		SolutionGuid = {12190D1F-0583-4C98-8BE3-3799470E249F}
	EndGlobalSection
EndGlobal
